
Microsoft Visual Studio Solution File, Format Version 12.00
# Visual Studio 15
VisualStudioVersion = 15.0.27703.2042
MinimumVisualStudioVersion = 10.0.40219.1
Project("{FAE04EC0-301F-11D3-BF4B-00C04F79EFBC}") = "Crow", "Crow\Crow.csproj", "{AED51738-E73B-4EC1-A4EC-1D6022BE9569}"
EndProject
Global
	GlobalSection(SolutionConfigurationPlatforms) = preSolution
		Debug|Any CPU = Debug|Any CPU
		Release|Any CPU = Release|Any CPU
	EndGlobalSection
	GlobalSection(ProjectConfigurationPlatforms) = postSolution
		{AED51738-E73B-4EC1-A4EC-1D6022BE9569}.Debug|Any CPU.ActiveCfg = Debug|Any CPU
		{AED51738-E73B-4EC1-A4EC-1D6022BE9569}.Debug|Any CPU.Build.0 = Debug|Any CPU
		{AED51738-E73B-4EC1-A4EC-1D6022BE9569}.Release|Any CPU.ActiveCfg = Release|Any CPU
		{AED51738-E73B-4EC1-A4EC-1D6022BE9569}.Release|Any CPU.Build.0 = Release|Any CPU
	EndGlobalSection
	GlobalSection(SolutionProperties) = preSolution
		HideSolutionNode = FALSE
	EndGlobalSection
	GlobalSection(ExtensibilityGlobals) = postSolution
		SolutionGuid = {4D0357C5-DC5F-4FA0-9160-9CC6567C3051}
	EndGlobalSection
EndGlobal
